
Microsoft Visual Studio Solution File, Format Version 12.00
# Visual Studio Version 17
VisualStudioVersion = 17.14.36930.0
MinimumVisualStudioVersion = 10.0.40219.1
Project("{FAE04EC0-301F-11D3-BF4B-00C04F79EFBC}") = "HelloWorld", "HelloWorld\HelloWorld.csproj", "{907706A4-9EF2-45F7-85F7-EE6EBEDA00F2}"
EndProject
Project("{FAE04EC0-301F-11D3-BF4B-00C04F79EFBC}") = "FormControls", "FormControls\FormControls.csproj", "{C4AB5B51-BDA1-4D02-B41C-E285530C67DA}"
EndProject
Project("{FAE04EC0-301F-11D3-BF4B-00C04F79EFBC}") = "MultiForm", "MultiForm\MultiForm.csproj", "{F48408E5-1D2E-4E87-A8AB-75751A4F6A35}"
EndProject
Project("{FAE04EC0-301F-11D3-BF4B-00C04F79EFBC}") = "MarketDB", "MarketDB\MarketDB.csproj", "{70108F6F-DF71-44A2-8004-435816030F20}"
EndProject
Global
	GlobalSection(SolutionConfigurationPlatforms) = preSolution
		Debug|Any CPU = Debug|Any CPU
		Release|Any CPU = Release|Any CPU
	EndGlobalSection
	GlobalSection(ProjectConfigurationPlatforms) = postSolution
		{907706A4-9EF2-45F7-85F7-EE6EBEDA00F2}.Debug|Any CPU.ActiveCfg = Debug|Any CPU
		{907706A4-9EF2-45F7-85F7-EE6EBEDA00F2}.Debug|Any CPU.Build.0 = Debug|Any CPU
		{907706A4-9EF2-45F7-85F7-EE6EBEDA00F2}.Release|Any CPU.ActiveCfg = Release|Any CPU
		{907706A4-9EF2-45F7-85F7-EE6EBEDA00F2}.Release|Any CPU.Build.0 = Release|Any CPU
		{C4AB5B51-BDA1-4D02-B41C-E285530C67DA}.Debug|Any CPU.ActiveCfg = Debug|Any CPU
		{C4AB5B51-BDA1-4D02-B41C-E285530C67DA}.Debug|Any CPU.Build.0 = Debug|Any CPU
		{C4AB5B51-BDA1-4D02-B41C-E285530C67DA}.Release|Any CPU.ActiveCfg = Release|Any CPU
		{C4AB5B51-BDA1-4D02-B41C-E285530C67DA}.Release|Any CPU.Build.0 = Release|Any CPU
		{F48408E5-1D2E-4E87-A8AB-75751A4F6A35}.Debug|Any CPU.ActiveCfg = Debug|Any CPU
		{F48408E5-1D2E-4E87-A8AB-75751A4F6A35}.Debug|Any CPU.Build.0 = Debug|Any CPU
		{F48408E5-1D2E-4E87-A8AB-75751A4F6A35}.Release|Any CPU.ActiveCfg = Release|Any CPU
		{F48408E5-1D2E-4E87-A8AB-75751A4F6A35}.Release|Any CPU.Build.0 = Release|Any CPU
		{70108F6F-DF71-44A2-8004-435816030F20}.Debug|Any CPU.ActiveCfg = Debug|Any CPU
		{70108F6F-DF71-44A2-8004-435816030F20}.Debug|Any CPU.Build.0 = Debug|Any CPU
		{70108F6F-DF71-44A2-8004-435816030F20}.Release|Any CPU.ActiveCfg = Release|Any CPU
		{70108F6F-DF71-44A2-8004-435816030F20}.Release|Any CPU.Build.0 = Release|Any CPU
	EndGlobalSection
	GlobalSection(SolutionProperties) = preSolution
		HideSolutionNode = FALSE
	EndGlobalSection
	GlobalSection(ExtensibilityGlobals) = postSolution
		SolutionGuid = {BA1D00F5-79B6-4CB2-84A5-59D1F3238332}
	EndGlobalSection
EndGlobal
